
Microsoft Visual Studio Solution File, Format Version 12.00
# Visual Studio Version 16
VisualStudioVersion = 16.0.30621.155
MinimumVisualStudioVersion = 10.0.40219.1
Project("{FAE04EC0-301F-11D3-BF4B-00C04F79EFBC}") = "postgre", "postgre\postgre.csproj", "{90675937-FB45-4ADA-BED9-B8204A08EE0F}"
EndProject
Global
	GlobalSection(SolutionConfigurationPlatforms) = preSolution
		Debug|Any CPU = Debug|Any CPU
		Release|Any CPU = Release|Any CPU
	EndGlobalSection
	GlobalSection(ProjectConfigurationPlatforms) = postSolution
		{90675937-FB45-4ADA-BED9-B8204A08EE0F}.Debug|Any CPU.ActiveCfg = Debug|Any CPU
		{90675937-FB45-4ADA-BED9-B8204A08EE0F}.Debug|Any CPU.Build.0 = Debug|Any CPU
		{90675937-FB45-4ADA-BED9-B8204A08EE0F}.Release|Any CPU.ActiveCfg = Release|Any CPU
		{90675937-FB45-4ADA-BED9-B8204A08EE0F}.Release|Any CPU.Build.0 = Release|Any CPU
	EndGlobalSection
	GlobalSection(SolutionProperties) = preSolution
		HideSolutionNode = FALSE
	EndGlobalSection
	GlobalSection(ExtensibilityGlobals) = postSolution
		SolutionGuid = {F2190D9F-9C7D-4301-A74B-41A14E7F4940}
	EndGlobalSection
EndGlobal
